
Microsoft Visual Studio Solution File, Format Version 12.00
# Visual Studio Version 16
VisualStudioVersion = 16.0.35425.106
MinimumVisualStudioVersion = 10.0.40219.1
Project("{FAE04EC0-301F-11D3-BF4B-00C04F79EFBC}") = "dz4", "dz4\dz4.csproj", "{B1EC4D3C-F71F-4644-AD38-EBA0ECFC260C}"
EndProject
Global
	GlobalSection(SolutionConfigurationPlatforms) = preSolution
		Debug|Any CPU = Debug|Any CPU
		Release|Any CPU = Release|Any CPU
	EndGlobalSection
	GlobalSection(ProjectConfigurationPlatforms) = postSolution
		{B1EC4D3C-F71F-4644-AD38-EBA0ECFC260C}.Debug|Any CPU.ActiveCfg = Debug|Any CPU
		{B1EC4D3C-F71F-4644-AD38-EBA0ECFC260C}.Debug|Any CPU.Build.0 = Debug|Any CPU
		{B1EC4D3C-F71F-4644-AD38-EBA0ECFC260C}.Release|Any CPU.ActiveCfg = Release|Any CPU
		{B1EC4D3C-F71F-4644-AD38-EBA0ECFC260C}.Release|Any CPU.Build.0 = Release|Any CPU
	EndGlobalSection
	GlobalSection(SolutionProperties) = preSolution
		HideSolutionNode = FALSE
	EndGlobalSection
	GlobalSection(ExtensibilityGlobals) = postSolution
		SolutionGuid = {0C5AE975-3102-485A-8854-54D57345B5E8}
	EndGlobalSection
EndGlobal
